// !$*UTF8*$!
{
	archiveVersion = 1;
	classes = {
	};
	objectVersion = 46;
	objects = {

/* Begin PBXBuildFile section */
		265441651E6094DB003488C1 /* AppDelegate.swift in Sources */ = {isa = PBXBuildFile; fileRef = 265441641E6094DB003488C1 /* AppDelegate.swift */; };
		2654416A1E6094DB003488C1 /* Main.storyboard in Resources */ = {isa = PBXBuildFile; fileRef = 265441681E6094DB003488C1 /* Main.storyboard */; };
		2654416C1E6094DB003488C1 /* Assets.xcassets in Resources */ = {isa = PBXBuildFile; fileRef = 2654416B1E6094DB003488C1 /* Assets.xcassets */; };
		2654416F1E6094DB003488C1 /* LaunchScreen.storyboard in Resources */ = {isa = PBXBuildFile; fileRef = 2654416D1E6094DB003488C1 /* LaunchScreen.storyboard */; };
		265441811E61A73E003488C1 /* PayeeViewController.swift in Sources */ = {isa = PBXBuildFile; fileRef = 265441801E61A73E003488C1 /* PayeeViewController.swift */; };
		265441851E61AB32003488C1 /* PayeeResource.swift in Sources */ = {isa = PBXBuildFile; fileRef = 265441841E61AB32003488C1 /* PayeeResource.swift */; };
		265441891E61D576003488C1 /* PayeeDelegate.swift in Sources */ = {isa = PBXBuildFile; fileRef = 265441881E61D576003488C1 /* PayeeDelegate.swift */; };
		2654418B1E61D8D1003488C1 /* PayeeSelectionDelegate.swift in Sources */ = {isa = PBXBuildFile; fileRef = 2654418A1E61D8D1003488C1 /* PayeeSelectionDelegate.swift */; };
		265441911E61E7AC003488C1 /* CategoryResource.swift in Sources */ = {isa = PBXBuildFile; fileRef = 265441901E61E7AC003488C1 /* CategoryResource.swift */; };
		265441931E61E7DD003488C1 /* ArrayCategoryResource.swift in Sources */ = {isa = PBXBuildFile; fileRef = 265441921E61E7DD003488C1 /* ArrayCategoryResource.swift */; };
		265441951E61EB41003488C1 /* CategoryViewController.swift in Sources */ = {isa = PBXBuildFile; fileRef = 265441941E61EB41003488C1 /* CategoryViewController.swift */; };
		265441971E6207AE003488C1 /* CategorySelectionDelegate.swift in Sources */ = {isa = PBXBuildFile; fileRef = 265441961E6207AE003488C1 /* CategorySelectionDelegate.swift */; };
		2654419D1E6218AB003488C1 /* ExpenseListViewController.swift in Sources */ = {isa = PBXBuildFile; fileRef = 2654419C1E6218AB003488C1 /* ExpenseListViewController.swift */; };
		265441A01E621E6B003488C1 /* ExpenseViewCell.swift in Sources */ = {isa = PBXBuildFile; fileRef = 2654419E1E621E6B003488C1 /* ExpenseViewCell.swift */; };
		265441A11E621E6B003488C1 /* ExpenseViewCell.xib in Resources */ = {isa = PBXBuildFile; fileRef = 2654419F1E621E6B003488C1 /* ExpenseViewCell.xib */; };
		265441A31E62E16A003488C1 /* ExpenseEntryViewController.swift in Sources */ = {isa = PBXBuildFile; fileRef = 265441A21E62E16A003488C1 /* ExpenseEntryViewController.swift */; };
		265441A51E6329E9003488C1 /* DateSelectionViewController.swift in Sources */ = {isa = PBXBuildFile; fileRef = 265441A41E6329E9003488C1 /* DateSelectionViewController.swift */; };
		265441A71E632C24003488C1 /* DateSelectionDelegate.swift in Sources */ = {isa = PBXBuildFile; fileRef = 265441A61E632C24003488C1 /* DateSelectionDelegate.swift */; };
		265441A91E633359003488C1 /* ExpenseResource.swift in Sources */ = {isa = PBXBuildFile; fileRef = 265441A81E633359003488C1 /* ExpenseResource.swift */; };
		265441AD1E633451003488C1 /* ExpenseDelegate.swift in Sources */ = {isa = PBXBuildFile; fileRef = 265441AC1E633451003488C1 /* ExpenseDelegate.swift */; };
		265441B01E638BEB003488C1 /* ExpenseTracker.xcdatamodeld in Sources */ = {isa = PBXBuildFile; fileRef = 265441AE1E638BEB003488C1 /* ExpenseTracker.xcdatamodeld */; };
		2682971E1E6394E000FC95F4 /* Payee+CoreDataClass.swift in Sources */ = {isa = PBXBuildFile; fileRef = 2682971C1E6394E000FC95F4 /* Payee+CoreDataClass.swift */; };
		2682971F1E6394E000FC95F4 /* Payee+CoreDataProperties.swift in Sources */ = {isa = PBXBuildFile; fileRef = 2682971D1E6394E000FC95F4 /* Payee+CoreDataProperties.swift */; };
		268297211E6397DF00FC95F4 /* CoreDataPayeeResource.swift in Sources */ = {isa = PBXBuildFile; fileRef = 268297201E6397DF00FC95F4 /* CoreDataPayeeResource.swift */; };
		26F5A4701E646D7F009AF615 /* Category+CoreDataClass.swift in Sources */ = {isa = PBXBuildFile; fileRef = 26F5A46E1E646D7F009AF615 /* Category+CoreDataClass.swift */; };
		26F5A4731E646DFD009AF615 /* CoreDataCategoryResource.swift in Sources */ = {isa = PBXBuildFile; fileRef = 26F5A4721E646DFD009AF615 /* CoreDataCategoryResource.swift */; };
		26F5A4751E646F28009AF615 /* Category+CoreDataProperties.swift in Sources */ = {isa = PBXBuildFile; fileRef = 26F5A4741E646F28009AF615 /* Category+CoreDataProperties.swift */; };
		26F5A47A1E649347009AF615 /* csv_rows.swift in Sources */ = {isa = PBXBuildFile; fileRef = 26F5A4791E649347009AF615 /* csv_rows.swift */; };
		26F5A47C1E649414009AF615 /* categories.csv in Resources */ = {isa = PBXBuildFile; fileRef = 26F5A47B1E649414009AF615 /* categories.csv */; };
		26F5A47F1E64A664009AF615 /* Expense+CoreDataClass.swift in Sources */ = {isa = PBXBuildFile; fileRef = 26F5A47D1E64A664009AF615 /* Expense+CoreDataClass.swift */; };
		26F5A4801E64A664009AF615 /* Expense+CoreDataProperties.swift in Sources */ = {isa = PBXBuildFile; fileRef = 26F5A47E1E64A664009AF615 /* Expense+CoreDataProperties.swift */; };
		26F5A4821E64A68F009AF615 /* CoreDataExpenseRepository.swift in Sources */ = {isa = PBXBuildFile; fileRef = 26F5A4811E64A68F009AF615 /* CoreDataExpenseRepository.swift */; };
/* End PBXBuildFile section */

/* Begin PBXFileReference section */
		265441611E6094DB003488C1 /* Akiro-iOS.app */ = {isa = PBXFileReference; explicitFileType = wrapper.application; includeInIndex = 0; path = "Akiro-iOS.app"; sourceTree = BUILT_PRODUCTS_DIR; };
		265441641E6094DB003488C1 /* AppDelegate.swift */ = {isa = PBXFileReference; lastKnownFileType = sourcecode.swift; path = AppDelegate.swift; sourceTree = "<group>"; };
		265441691E6094DB003488C1 /* Base */ = {isa = PBXFileReference; lastKnownFileType = file.storyboard; name = Base; path = Base.lproj/Main.storyboard; sourceTree = "<group>"; };
		2654416B1E6094DB003488C1 /* Assets.xcassets */ = {isa = PBXFileReference; lastKnownFileType = folder.assetcatalog; path = Assets.xcassets; sourceTree = "<group>"; };
		2654416E1E6094DB003488C1 /* Base */ = {isa = PBXFileReference; lastKnownFileType = file.storyboard; name = Base; path = Base.lproj/LaunchScreen.storyboard; sourceTree = "<group>"; };
		265441701E6094DB003488C1 /* Info.plist */ = {isa = PBXFileReference; lastKnownFileType = text.plist.xml; path = Info.plist; sourceTree = "<group>"; };
		265441801E61A73E003488C1 /* PayeeViewController.swift */ = {isa = PBXFileReference; fileEncoding = 4; lastKnownFileType = sourcecode.swift; path = PayeeViewController.swift; sourceTree = "<group>"; };
		265441841E61AB32003488C1 /* PayeeResource.swift */ = {isa = PBXFileReference; fileEncoding = 4; lastKnownFileType = sourcecode.swift; path = PayeeResource.swift; sourceTree = "<group>"; };
		265441861E61ABAD003488C1 /* ArrayPayeeResource.swift */ = {isa = PBXFileReference; fileEncoding = 4; lastKnownFileType = sourcecode.swift; path = ArrayPayeeResource.swift; sourceTree = "<group>"; };
		265441881E61D576003488C1 /* PayeeDelegate.swift */ = {isa = PBXFileReference; fileEncoding = 4; lastKnownFileType = sourcecode.swift; path = PayeeDelegate.swift; sourceTree = "<group>"; };
		2654418A1E61D8D1003488C1 /* PayeeSelectionDelegate.swift */ = {isa = PBXFileReference; fileEncoding = 4; lastKnownFileType = sourcecode.swift; path = PayeeSelectionDelegate.swift; sourceTree = "<group>"; };
		265441901E61E7AC003488C1 /* CategoryResource.swift */ = {isa = PBXFileReference; fileEncoding = 4; lastKnownFileType = sourcecode.swift; path = CategoryResource.swift; sourceTree = "<group>"; };
		265441921E61E7DD003488C1 /* ArrayCategoryResource.swift */ = {isa = PBXFileReference; fileEncoding = 4; lastKnownFileType = sourcecode.swift; path = ArrayCategoryResource.swift; sourceTree = "<group>"; };
		265441941E61EB41003488C1 /* CategoryViewController.swift */ = {isa = PBXFileReference; fileEncoding = 4; lastKnownFileType = sourcecode.swift; path = CategoryViewController.swift; sourceTree = "<group>"; };
		265441961E6207AE003488C1 /* CategorySelectionDelegate.swift */ = {isa = PBXFileReference; fileEncoding = 4; lastKnownFileType = sourcecode.swift; path = CategorySelectionDelegate.swift; sourceTree = "<group>"; };
		265441981E620EEE003488C1 /* TODO.md */ = {isa = PBXFileReference; fileEncoding = 4; lastKnownFileType = net.daringfireball.markdown; name = TODO.md; path = "Akiro-iOS/TODO.md"; sourceTree = "<group>"; };
		2654419C1E6218AB003488C1 /* ExpenseListViewController.swift */ = {isa = PBXFileReference; fileEncoding = 4; lastKnownFileType = sourcecode.swift; path = ExpenseListViewController.swift; sourceTree = "<group>"; };
		2654419E1E621E6B003488C1 /* ExpenseViewCell.swift */ = {isa = PBXFileReference; fileEncoding = 4; lastKnownFileType = sourcecode.swift; path = ExpenseViewCell.swift; sourceTree = "<group>"; };
		2654419F1E621E6B003488C1 /* ExpenseViewCell.xib */ = {isa = PBXFileReference; fileEncoding = 4; lastKnownFileType = file.xib; path = ExpenseViewCell.xib; sourceTree = "<group>"; };
		265441A21E62E16A003488C1 /* ExpenseEntryViewController.swift */ = {isa = PBXFileReference; fileEncoding = 4; lastKnownFileType = sourcecode.swift; path = ExpenseEntryViewController.swift; sourceTree = "<group>"; };
		265441A41E6329E9003488C1 /* DateSelectionViewController.swift */ = {isa = PBXFileReference; fileEncoding = 4; lastKnownFileType = sourcecode.swift; path = DateSelectionViewController.swift; sourceTree = "<group>"; };
		265441A61E632C24003488C1 /* DateSelectionDelegate.swift */ = {isa = PBXFileReference; fileEncoding = 4; lastKnownFileType = sourcecode.swift; path = DateSelectionDelegate.swift; sourceTree = "<group>"; };
		265441A81E633359003488C1 /* ExpenseResource.swift */ = {isa = PBXFileReference; fileEncoding = 4; lastKnownFileType = sourcecode.swift; path = ExpenseResource.swift; sourceTree = "<group>"; };
		265441AC1E633451003488C1 /* ExpenseDelegate.swift */ = {isa = PBXFileReference; fileEncoding = 4; lastKnownFileType = sourcecode.swift; path = ExpenseDelegate.swift; sourceTree = "<group>"; };
		265441AF1E638BEB003488C1 /* ExpenseTracker.xcdatamodel */ = {isa = PBXFileReference; lastKnownFileType = wrapper.xcdatamodel; path = ExpenseTracker.xcdatamodel; sourceTree = "<group>"; };
		2682971C1E6394E000FC95F4 /* Payee+CoreDataClass.swift */ = {isa = PBXFileReference; fileEncoding = 4; lastKnownFileType = sourcecode.swift; name = "Payee+CoreDataClass.swift"; path = "CoreData/Payee+CoreDataClass.swift"; sourceTree = "<group>"; };
		2682971D1E6394E000FC95F4 /* Payee+CoreDataProperties.swift */ = {isa = PBXFileReference; fileEncoding = 4; lastKnownFileType = sourcecode.swift; name = "Payee+CoreDataProperties.swift"; path = "CoreData/Payee+CoreDataProperties.swift"; sourceTree = "<group>"; };
		268297201E6397DF00FC95F4 /* CoreDataPayeeResource.swift */ = {isa = PBXFileReference; fileEncoding = 4; lastKnownFileType = sourcecode.swift; path = CoreDataPayeeResource.swift; sourceTree = "<group>"; };
		26F5A46E1E646D7F009AF615 /* Category+CoreDataClass.swift */ = {isa = PBXFileReference; fileEncoding = 4; lastKnownFileType = sourcecode.swift; name = "Category+CoreDataClass.swift"; path = "CoreData/Category+CoreDataClass.swift"; sourceTree = "<group>"; };
		26F5A4721E646DFD009AF615 /* CoreDataCategoryResource.swift */ = {isa = PBXFileReference; fileEncoding = 4; lastKnownFileType = sourcecode.swift; path = CoreDataCategoryResource.swift; sourceTree = "<group>"; };
		26F5A4741E646F28009AF615 /* Category+CoreDataProperties.swift */ = {isa = PBXFileReference; fileEncoding = 4; lastKnownFileType = sourcecode.swift; name = "Category+CoreDataProperties.swift"; path = "CoreData/Category+CoreDataProperties.swift"; sourceTree = "<group>"; };
		26F5A4791E649347009AF615 /* csv_rows.swift */ = {isa = PBXFileReference; fileEncoding = 4; lastKnownFileType = sourcecode.swift; path = csv_rows.swift; sourceTree = "<group>"; };
		26F5A47B1E649414009AF615 /* categories.csv */ = {isa = PBXFileReference; fileEncoding = 4; lastKnownFileType = text; path = categories.csv; sourceTree = "<group>"; };
		26F5A47D1E64A664009AF615 /* Expense+CoreDataClass.swift */ = {isa = PBXFileReference; fileEncoding = 4; lastKnownFileType = sourcecode.swift; name = "Expense+CoreDataClass.swift"; path = "CoreData/Expense+CoreDataClass.swift"; sourceTree = "<group>"; };
		26F5A47E1E64A664009AF615 /* Expense+CoreDataProperties.swift */ = {isa = PBXFileReference; fileEncoding = 4; lastKnownFileType = sourcecode.swift; name = "Expense+CoreDataProperties.swift"; path = "CoreData/Expense+CoreDataProperties.swift"; sourceTree = "<group>"; };
		26F5A4811E64A68F009AF615 /* CoreDataExpenseRepository.swift */ = {isa = PBXFileReference; fileEncoding = 4; lastKnownFileType = sourcecode.swift; path = CoreDataExpenseRepository.swift; sourceTree = "<group>"; };
/* End PBXFileReference section */

/* Begin PBXFrameworksBuildPhase section */
		2654415E1E6094DA003488C1 /* Frameworks */ = {
			isa = PBXFrameworksBuildPhase;
			buildActionMask = 2147483647;
			files = (
			);
			runOnlyForDeploymentPostprocessing = 0;
		};
/* End PBXFrameworksBuildPhase section */

/* Begin PBXGroup section */
		265441581E6094DA003488C1 = {
			isa = PBXGroup;
			children = (
				265441631E6094DB003488C1 /* Erster Test */,
				265441981E620EEE003488C1 /* TODO.md */,
				265441621E6094DB003488C1 /* Products */,
			);
			sourceTree = "<group>";
		};
		265441621E6094DB003488C1 /* Products */ = {
			isa = PBXGroup;
			children = (
				265441611E6094DB003488C1 /* Akiro-iOS.app */,
			);
			name = Products;
			sourceTree = "<group>";
		};
		265441631E6094DB003488C1 /* Erster Test */ = {
			isa = PBXGroup;
			children = (
				26F5A4781E649336009AF615 /* Helpers */,
				2682971B1E6393EE00FC95F4 /* CoreData */,
				265441831E61A8F1003488C1 /* Resources */,
				265441821E61A8E5003488C1 /* View */,
				265441771E61A322003488C1 /* Model */,
				265441761E61A309003488C1 /* Controller */,
				265441641E6094DB003488C1 /* AppDelegate.swift */,
			);
			name = "Erster Test";
			path = "Akiro-iOS";
			sourceTree = "<group>";
		};
		265441761E61A309003488C1 /* Controller */ = {
			isa = PBXGroup;
			children = (
				265441801E61A73E003488C1 /* PayeeViewController.swift */,
				2654418A1E61D8D1003488C1 /* PayeeSelectionDelegate.swift */,
				265441941E61EB41003488C1 /* CategoryViewController.swift */,
				265441961E6207AE003488C1 /* CategorySelectionDelegate.swift */,
				2654419C1E6218AB003488C1 /* ExpenseListViewController.swift */,
				265441A21E62E16A003488C1 /* ExpenseEntryViewController.swift */,
				265441A41E6329E9003488C1 /* DateSelectionViewController.swift */,
				265441A61E632C24003488C1 /* DateSelectionDelegate.swift */,
			);
			name = Controller;
			sourceTree = "<group>";
		};
		265441771E61A322003488C1 /* Model */ = {
			isa = PBXGroup;
			children = (
				265441841E61AB32003488C1 /* PayeeResource.swift */,
				265441861E61ABAD003488C1 /* ArrayPayeeResource.swift */,
				265441881E61D576003488C1 /* PayeeDelegate.swift */,
				265441901E61E7AC003488C1 /* CategoryResource.swift */,
				265441921E61E7DD003488C1 /* ArrayCategoryResource.swift */,
				265441AC1E633451003488C1 /* ExpenseDelegate.swift */,
				265441A81E633359003488C1 /* ExpenseResource.swift */,
			);
			name = Model;
			sourceTree = "<group>";
		};
		265441821E61A8E5003488C1 /* View */ = {
			isa = PBXGroup;
			children = (
				265441681E6094DB003488C1 /* Main.storyboard */,
				2654419E1E621E6B003488C1 /* ExpenseViewCell.swift */,
				2654419F1E621E6B003488C1 /* ExpenseViewCell.xib */,
			);
			name = View;
			sourceTree = "<group>";
		};
		265441831E61A8F1003488C1 /* Resources */ = {
			isa = PBXGroup;
			children = (
				2654416B1E6094DB003488C1 /* Assets.xcassets */,
				2654416D1E6094DB003488C1 /* LaunchScreen.storyboard */,
				265441701E6094DB003488C1 /* Info.plist */,
				26F5A47B1E649414009AF615 /* categories.csv */,
			);
			name = Resources;
			sourceTree = "<group>";
		};
		2682971B1E6393EE00FC95F4 /* CoreData */ = {
			isa = PBXGroup;
			children = (
				26F5A47D1E64A664009AF615 /* Expense+CoreDataClass.swift */,
				26F5A47E1E64A664009AF615 /* Expense+CoreDataProperties.swift */,
				26F5A4741E646F28009AF615 /* Category+CoreDataProperties.swift */,
				26F5A46E1E646D7F009AF615 /* Category+CoreDataClass.swift */,
				2682971C1E6394E000FC95F4 /* Payee+CoreDataClass.swift */,
				2682971D1E6394E000FC95F4 /* Payee+CoreDataProperties.swift */,
				268297201E6397DF00FC95F4 /* CoreDataPayeeResource.swift */,
				265441AE1E638BEB003488C1 /* ExpenseTracker.xcdatamodeld */,
				26F5A4721E646DFD009AF615 /* CoreDataCategoryResource.swift */,
				26F5A4811E64A68F009AF615 /* CoreDataExpenseRepository.swift */,
			);
			name = CoreData;
			sourceTree = "<group>";
		};
		26F5A4781E649336009AF615 /* Helpers */ = {
			isa = PBXGroup;
			children = (
				26F5A4791E649347009AF615 /* csv_rows.swift */,
			);
			name = Helpers;
			sourceTree = "<group>";
		};
/* End PBXGroup section */

/* Begin PBXNativeTarget section */
		265441601E6094DA003488C1 /* Akiro-iOS */ = {
			isa = PBXNativeTarget;
			buildConfigurationList = 265441731E6094DB003488C1 /* Build configuration list for PBXNativeTarget "Akiro-iOS" */;
			buildPhases = (
				2654415D1E6094DA003488C1 /* Sources */,
				2654415E1E6094DA003488C1 /* Frameworks */,
				2654415F1E6094DA003488C1 /* Resources */,
			);
			buildRules = (
			);
			dependencies = (
			);
			name = "Akiro-iOS";
			productName = "Erster Test";
			productReference = 265441611E6094DB003488C1 /* Akiro-iOS.app */;
			productType = "com.apple.product-type.application";
		};
/* End PBXNativeTarget section */

/* Begin PBXProject section */
		265441591E6094DA003488C1 /* Project object */ = {
			isa = PBXProject;
			attributes = {
				LastSwiftUpdateCheck = 0820;
				LastUpgradeCheck = 0820;
				ORGANIZATIONNAME = "Gabriel Birke";
				TargetAttributes = {
					265441601E6094DA003488C1 = {
						CreatedOnToolsVersion = 8.2.1;
						ProvisioningStyle = Automatic;
					};
				};
			};
			buildConfigurationList = 2654415C1E6094DA003488C1 /* Build configuration list for PBXProject "Akiro-iOS" */;
			compatibilityVersion = "Xcode 3.2";
			developmentRegion = English;
			hasScannedForEncodings = 0;
			knownRegions = (
				en,
				Base,
			);
			mainGroup = 265441581E6094DA003488C1;
			productRefGroup = 265441621E6094DB003488C1 /* Products */;
			projectDirPath = "";
			projectRoot = "";
			targets = (
				265441601E6094DA003488C1 /* Akiro-iOS */,
			);
		};
/* End PBXProject section */

/* Begin PBXResourcesBuildPhase section */
		2654415F1E6094DA003488C1 /* Resources */ = {
			isa = PBXResourcesBuildPhase;
			buildActionMask = 2147483647;
			files = (
				2654416F1E6094DB003488C1 /* LaunchScreen.storyboard in Resources */,
				26F5A47C1E649414009AF615 /* categories.csv in Resources */,
				2654416C1E6094DB003488C1 /* Assets.xcassets in Resources */,
				2654416A1E6094DB003488C1 /* Main.storyboard in Resources */,
				265441A11E621E6B003488C1 /* ExpenseViewCell.xib in Resources */,
			);
			runOnlyForDeploymentPostprocessing = 0;
		};
/* End PBXResourcesBuildPhase section */

/* Begin PBXSourcesBuildPhase section */
		2654415D1E6094DA003488C1 /* Sources */ = {
			isa = PBXSourcesBuildPhase;
			buildActionMask = 2147483647;
			files = (
				2682971E1E6394E000FC95F4 /* Payee+CoreDataClass.swift in Sources */,
				26F5A4751E646F28009AF615 /* Category+CoreDataProperties.swift in Sources */,
				265441A91E633359003488C1 /* ExpenseResource.swift in Sources */,
				265441A31E62E16A003488C1 /* ExpenseEntryViewController.swift in Sources */,
				26F5A4821E64A68F009AF615 /* CoreDataExpenseRepository.swift in Sources */,
				26F5A47A1E649347009AF615 /* csv_rows.swift in Sources */,
				265441911E61E7AC003488C1 /* CategoryResource.swift in Sources */,
				26F5A4701E646D7F009AF615 /* Category+CoreDataClass.swift in Sources */,
				26F5A4801E64A664009AF615 /* Expense+CoreDataProperties.swift in Sources */,
				268297211E6397DF00FC95F4 /* CoreDataPayeeResource.swift in Sources */,
				265441651E6094DB003488C1 /* AppDelegate.swift in Sources */,
				26F5A47F1E64A664009AF615 /* Expense+CoreDataClass.swift in Sources */,
				265441A01E621E6B003488C1 /* ExpenseViewCell.swift in Sources */,
				265441AD1E633451003488C1 /* ExpenseDelegate.swift in Sources */,
				265441931E61E7DD003488C1 /* ArrayCategoryResource.swift in Sources */,
				26F5A4731E646DFD009AF615 /* CoreDataCategoryResource.swift in Sources */,
				265441A71E632C24003488C1 /* DateSelectionDelegate.swift in Sources */,
				265441A51E6329E9003488C1 /* DateSelectionViewController.swift in Sources */,
				265441971E6207AE003488C1 /* CategorySelectionDelegate.swift in Sources */,
				265441811E61A73E003488C1 /* PayeeViewController.swift in Sources */,
				2654418B1E61D8D1003488C1 /* PayeeSelectionDelegate.swift in Sources */,
				2682971F1E6394E000FC95F4 /* Payee+CoreDataProperties.swift in Sources */,
				265441951E61EB41003488C1 /* CategoryViewController.swift in Sources */,
				2654419D1E6218AB003488C1 /* ExpenseListViewController.swift in Sources */,
				265441B01E638BEB003488C1 /* ExpenseTracker.xcdatamodeld in Sources */,
				265441891E61D576003488C1 /* PayeeDelegate.swift in Sources */,
				265441851E61AB32003488C1 /* PayeeResource.swift in Sources */,
			);
			runOnlyForDeploymentPostprocessing = 0;
		};
/* End PBXSourcesBuildPhase section */

/* Begin PBXVariantGroup section */
		265441681E6094DB003488C1 /* Main.storyboard */ = {
			isa = PBXVariantGroup;
			children = (
				265441691E6094DB003488C1 /* Base */,
			);
			name = Main.storyboard;
			sourceTree = "<group>";
		};
		2654416D1E6094DB003488C1 /* LaunchScreen.storyboard */ = {
			isa = PBXVariantGroup;
			children = (
				2654416E1E6094DB003488C1 /* Base */,
			);
			name = LaunchScreen.storyboard;
			sourceTree = "<group>";
		};
/* End PBXVariantGroup section */

/* Begin XCBuildConfiguration section */
		265441711E6094DB003488C1 /* Debug */ = {
			isa = XCBuildConfiguration;
			buildSettings = {
				ALWAYS_SEARCH_USER_PATHS = NO;
				CLANG_ANALYZER_NONNULL = YES;
				CLANG_CXX_LANGUAGE_STANDARD = "gnu++0x";
				CLANG_CXX_LIBRARY = "libc++";
				CLANG_ENABLE_MODULES = YES;
				CLANG_ENABLE_OBJC_ARC = YES;
				CLANG_WARN_BOOL_CONVERSION = YES;
				CLANG_WARN_CONSTANT_CONVERSION = YES;
				CLANG_WARN_DIRECT_OBJC_ISA_USAGE = YES_ERROR;
				CLANG_WARN_DOCUMENTATION_COMMENTS = YES;
				CLANG_WARN_EMPTY_BODY = YES;
				CLANG_WARN_ENUM_CONVERSION = YES;
				CLANG_WARN_INFINITE_RECURSION = YES;
				CLANG_WARN_INT_CONVERSION = YES;
				CLANG_WARN_OBJC_ROOT_CLASS = YES_ERROR;
				CLANG_WARN_SUSPICIOUS_MOVE = YES;
				CLANG_WARN_UNREACHABLE_CODE = YES;
				CLANG_WARN__DUPLICATE_METHOD_MATCH = YES;
				"CODE_SIGN_IDENTITY[sdk=iphoneos*]" = "iPhone Developer";
				COPY_PHASE_STRIP = NO;
				DEBUG_INFORMATION_FORMAT = dwarf;
				ENABLE_STRICT_OBJC_MSGSEND = YES;
				ENABLE_TESTABILITY = YES;
				GCC_C_LANGUAGE_STANDARD = gnu99;
				GCC_DYNAMIC_NO_PIC = NO;
				GCC_NO_COMMON_BLOCKS = YES;
				GCC_OPTIMIZATION_LEVEL = 0;
				GCC_PREPROCESSOR_DEFINITIONS = (
					"DEBUG=1",
					"$(inherited)",
				);
				GCC_WARN_64_TO_32_BIT_CONVERSION = YES;
				GCC_WARN_ABOUT_RETURN_TYPE = YES_ERROR;
				GCC_WARN_UNDECLARED_SELECTOR = YES;
				GCC_WARN_UNINITIALIZED_AUTOS = YES_AGGRESSIVE;
				GCC_WARN_UNUSED_FUNCTION = YES;
				GCC_WARN_UNUSED_VARIABLE = YES;
				IPHONEOS_DEPLOYMENT_TARGET = 10.2;
				MTL_ENABLE_DEBUG_INFO = YES;
				ONLY_ACTIVE_ARCH = YES;
				SDKROOT = iphoneos;
				SWIFT_ACTIVE_COMPILATION_CONDITIONS = DEBUG;
				SWIFT_OPTIMIZATION_LEVEL = "-Onone";
				TARGETED_DEVICE_FAMILY = "1,2";
			};
			name = Debug;
		};
		265441721E6094DB003488C1 /* Release */ = {
			isa = XCBuildConfiguration;
			buildSettings = {
				ALWAYS_SEARCH_USER_PATHS = NO;
				CLANG_ANALYZER_NONNULL = YES;
				CLANG_CXX_LANGUAGE_STANDARD = "gnu++0x";
				CLANG_CXX_LIBRARY = "libc++";
				CLANG_ENABLE_MODULES = YES;
				CLANG_ENABLE_OBJC_ARC = YES;
				CLANG_WARN_BOOL_CONVERSION = YES;
				CLANG_WARN_CONSTANT_CONVERSION = YES;
				CLANG_WARN_DIRECT_OBJC_ISA_USAGE = YES_ERROR;
				CLANG_WARN_DOCUMENTATION_COMMENTS = YES;
				CLANG_WARN_EMPTY_BODY = YES;
				CLANG_WARN_ENUM_CONVERSION = YES;
				CLANG_WARN_INFINITE_RECURSION = YES;
				CLANG_WARN_INT_CONVERSION = YES;
				CLANG_WARN_OBJC_ROOT_CLASS = YES_ERROR;
				CLANG_WARN_SUSPICIOUS_MOVE = YES;
				CLANG_WARN_UNREACHABLE_CODE = YES;
				CLANG_WARN__DUPLICATE_METHOD_MATCH = YES;
				"CODE_SIGN_IDENTITY[sdk=iphoneos*]" = "iPhone Developer";
				COPY_PHASE_STRIP = NO;
				DEBUG_INFORMATION_FORMAT = "dwarf-with-dsym";
				ENABLE_NS_ASSERTIONS = NO;
				ENABLE_STRICT_OBJC_MSGSEND = YES;
				GCC_C_LANGUAGE_STANDARD = gnu99;
				GCC_NO_COMMON_BLOCKS = YES;
				GCC_WARN_64_TO_32_BIT_CONVERSION = YES;
				GCC_WARN_ABOUT_RETURN_TYPE = YES_ERROR;
				GCC_WARN_UNDECLARED_SELECTOR = YES;
				GCC_WARN_UNINITIALIZED_AUTOS = YES_AGGRESSIVE;
				GCC_WARN_UNUSED_FUNCTION = YES;
				GCC_WARN_UNUSED_VARIABLE = YES;
				IPHONEOS_DEPLOYMENT_TARGET = 10.2;
				MTL_ENABLE_DEBUG_INFO = NO;
				SDKROOT = iphoneos;
				SWIFT_OPTIMIZATION_LEVEL = "-Owholemodule";
				TARGETED_DEVICE_FAMILY = "1,2";
				VALIDATE_PRODUCT = YES;
			};
			name = Release;
		};
		265441741E6094DB003488C1 /* Debug */ = {
			isa = XCBuildConfiguration;
			buildSettings = {
				ASSETCATALOG_COMPILER_APPICON_NAME = AppIcon;
				INFOPLIST_FILE = "Akiro-iOS/Info.plist";
				LD_RUNPATH_SEARCH_PATHS = "$(inherited) @executable_path/Frameworks";
				PRODUCT_BUNDLE_IDENTIFIER = "de.birke-software.Akiro-iOS";
				PRODUCT_NAME = "$(TARGET_NAME)";
				SWIFT_VERSION = 3.0;
			};
			name = Debug;
		};
		265441751E6094DB003488C1 /* Release */ = {
			isa = XCBuildConfiguration;
			buildSettings = {
				ASSETCATALOG_COMPILER_APPICON_NAME = AppIcon;
				INFOPLIST_FILE = "Akiro-iOS/Info.plist";
				LD_RUNPATH_SEARCH_PATHS = "$(inherited) @executable_path/Frameworks";
				PRODUCT_BUNDLE_IDENTIFIER = "de.birke-software.Akiro-iOS";
				PRODUCT_NAME = "$(TARGET_NAME)";
				SWIFT_VERSION = 3.0;
			};
			name = Release;
		};
/* End XCBuildConfiguration section */

/* Begin XCConfigurationList section */
		2654415C1E6094DA003488C1 /* Build configuration list for PBXProject "Akiro-iOS" */ = {
			isa = XCConfigurationList;
			buildConfigurations = (
				265441711E6094DB003488C1 /* Debug */,
				265441721E6094DB003488C1 /* Release */,
			);
			defaultConfigurationIsVisible = 0;
			defaultConfigurationName = Release;
		};
		265441731E6094DB003488C1 /* Build configuration list for PBXNativeTarget "Akiro-iOS" */ = {
			isa = XCConfigurationList;
			buildConfigurations = (
				265441741E6094DB003488C1 /* Debug */,
				265441751E6094DB003488C1 /* Release */,
			);
			defaultConfigurationIsVisible = 0;
			defaultConfigurationName = Release;
		};
/* End XCConfigurationList section */

/* Begin XCVersionGroup section */
		265441AE1E638BEB003488C1 /* ExpenseTracker.xcdatamodeld */ = {
			isa = XCVersionGroup;
			children = (
				265441AF1E638BEB003488C1 /* ExpenseTracker.xcdatamodel */,
			);
			currentVersion = 265441AF1E638BEB003488C1 /* ExpenseTracker.xcdatamodel */;
			path = ExpenseTracker.xcdatamodeld;
			sourceTree = "<group>";
			versionGroupType = wrapper.xcdatamodel;
		};
/* End XCVersionGroup section */
	};
	rootObject = 265441591E6094DA003488C1 /* Project object */;
}
